
Microsoft Visual Studio Solution File, Format Version 12.00
# Visual Studio Version 17
VisualStudioVersion = 17.5.002.0
MinimumVisualStudioVersion = 10.0.40219.1
Project("{FAE04EC0-301F-11D3-BF4B-00C04F79EFBC}") = "Evergreen", "src\Evergreen.csproj", "{9DFCCC9C-1D1B-4822-91C4-BC504F1BD717}"
EndProject
Project("{FAE04EC0-301F-11D3-BF4B-00C04F79EFBC}") = "EvergreenCBCompat", "EvergreenCBCompat\EvergreenCBCompat.csproj", "{4AB06478-50D0-4452-A220-DCB5D9D3A6EE}"
EndProject
Global
	GlobalSection(SolutionConfigurationPlatforms) = preSolution
		Debug|Any CPU = Debug|Any CPU
		Release|Any CPU = Release|Any CPU
	EndGlobalSection
	GlobalSection(ProjectConfigurationPlatforms) = postSolution
		{9DFCCC9C-1D1B-4822-91C4-BC504F1BD717}.Debug|Any CPU.ActiveCfg = Debug|Any CPU
		{9DFCCC9C-1D1B-4822-91C4-BC504F1BD717}.Debug|Any CPU.Build.0 = Debug|Any CPU
		{9DFCCC9C-1D1B-4822-91C4-BC504F1BD717}.Release|Any CPU.ActiveCfg = Release|Any CPU
		{9DFCCC9C-1D1B-4822-91C4-BC504F1BD717}.Release|Any CPU.Build.0 = Release|Any CPU
		{4AB06478-50D0-4452-A220-DCB5D9D3A6EE}.Debug|Any CPU.ActiveCfg = Debug|Any CPU
		{4AB06478-50D0-4452-A220-DCB5D9D3A6EE}.Debug|Any CPU.Build.0 = Debug|Any CPU
		{4AB06478-50D0-4452-A220-DCB5D9D3A6EE}.Release|Any CPU.ActiveCfg = Release|Any CPU
		{4AB06478-50D0-4452-A220-DCB5D9D3A6EE}.Release|Any CPU.Build.0 = Release|Any CPU
	EndGlobalSection
	GlobalSection(SolutionProperties) = preSolution
		HideSolutionNode = FALSE
	EndGlobalSection
	GlobalSection(ExtensibilityGlobals) = postSolution
		SolutionGuid = {5FA2BFEC-84AD-4864-950A-9E9B8AFA8683}
	EndGlobalSection
EndGlobal
